# This file is automatically @generated by Poetry 2.1.1 and should not be changed by hand.

[[package]]
name = "midiutil"
version = "1.2.1"
description = "A pure python library for creating multi-track MIDI files"
optional = false
python-versions = "*"
groups = ["main"]
files = [
    {file = "MIDIUtil-1.2.1.tar.gz", hash = "sha256:79fa983bd1efc60785f68a8fe78fa8f45b8d7ec5898bf7cb7f3f7f3336d6a90a"},
]

[metadata]
lock-version = "2.1"
python-versions = ">=3.11"
content-hash = "ca2333d079c8f6a616228972ab5a4241079020135f41ef2f14fa72008613f71b"
